
Microsoft Visual Studio Solution File, Format Version 12.00
# Visual Studio 15
VisualStudioVersion = 15.0.28307.779
MinimumVisualStudioVersion = 10.0.40219.1
Project("{FAE04EC0-301F-11D3-BF4B-00C04F79EFBC}") = "ResturentCofficeShope", "ResturentCofficeShope\ResturentCofficeShope.csproj", "{727D5E97-C08B-4589-9667-3C4F86052B02}"
EndProject
Global
	GlobalSection(SolutionConfigurationPlatforms) = preSolution
		Debug|Any CPU = Debug|Any CPU
		Release|Any CPU = Release|Any CPU
	EndGlobalSection
	GlobalSection(ProjectConfigurationPlatforms) = postSolution
		{727D5E97-C08B-4589-9667-3C4F86052B02}.Debug|Any CPU.ActiveCfg = Debug|Any CPU
		{727D5E97-C08B-4589-9667-3C4F86052B02}.Debug|Any CPU.Build.0 = Debug|Any CPU
		{727D5E97-C08B-4589-9667-3C4F86052B02}.Release|Any CPU.ActiveCfg = Release|Any CPU
		{727D5E97-C08B-4589-9667-3C4F86052B02}.Release|Any CPU.Build.0 = Release|Any CPU
	EndGlobalSection
	GlobalSection(SolutionProperties) = preSolution
		HideSolutionNode = FALSE
	EndGlobalSection
	GlobalSection(ExtensibilityGlobals) = postSolution
		SolutionGuid = {3C21485E-F174-43F3-80B5-024B26D3788A}
	EndGlobalSection
EndGlobal
